{
    "_readme": [
        "This file locks the dependencies of your project to a known state",
        "Read more about it at http://getcomposer.org/doc/01-basic-usage.md#composer-lock-the-lock-file",
        "This file is @generated automatically"
    ],
    "hash": "c42e35750a857889679737bc43054a60",
    "packages": [
        {
            "name": "designplug/utility-object",
            "version": "dev-master",
            "target-dir": "Designplug/Utility/Object",
            "source": {
                "type": "git",
                "url": "https://github.com/DesignPlug/Utility-Object.git",
                "reference": "9f56e27a0e1b52aad0e58e906336e697f737f272"
            },
            "dist": {
                "type": "zip",
                "url": "https://api.github.com/repos/DesignPlug/Utility-Object/zipball/9f56e27a0e1b52aad0e58e906336e697f737f272",
                "reference": "9f56e27a0e1b52aad0e58e906336e697f737f272",
                "shasum": ""
            },
            "type": "library",
            "autoload": {
                "psr-0": {
                    "Designplug\\Utility\\Object": ""
                },
                "files": [
                    "Designplug/Utility/Object/helpers.php"
                ]
            },
            "notification-url": "https://packagist.org/downloads/",
            "license": [
                "MIT"
            ],
            "authors": [
                {
                    "name": "Ric Anthony Lee",
                    "email": "ricanthonylee@gmail.com"
                }
            ],
            "description": "Utility Classes for handling objects",
            "time": "2014-12-24 03:26:00"
        }
    ],
    "packages-dev": [],
    "aliases": [],
    "minimum-stability": "stable",
    "stability-flags": {
        "designplug/utility-object": 20
    },
    "prefer-stable": false,
    "prefer-lowest": false,
    "platform": [],
    "platform-dev": []
}
